
Microsoft Visual Studio Solution File, Format Version 12.00
# Visual Studio Version 17
VisualStudioVersion = 17.3.32929.385
MinimumVisualStudioVersion = 10.0.40219.1
Project("{9A19103F-16F7-4668-BE54-9A1E7A4F7556}") = "Async", "Async\Async.csproj", "{AB849DEA-7F9E-41F3-BCB3-CE8ECB0CEAD5}"
EndProject
Project("{9A19103F-16F7-4668-BE54-9A1E7A4F7556}") = "Repositories", "Repositories\Repositories.csproj", "{D06F9A5C-075F-4BD3-AA5B-F1AC8DD10829}"
EndProject
Project("{FAE04EC0-301F-11D3-BF4B-00C04F79EFBC}") = "ShopDbContext", "ShopDbContext\ShopDbContext.csproj", "{6E85CF81-EB18-4A0A-B81E-1537B58A4B0B}"
EndProject
Project("{FAE04EC0-301F-11D3-BF4B-00C04F79EFBC}") = "ShopServices", "ShopServices\ShopServices.csproj", "{656B84B5-A531-49DF-A814-B78A33A2F7E2}"
EndProject
Global
	GlobalSection(SolutionConfigurationPlatforms) = preSolution
		Debug|Any CPU = Debug|Any CPU
		Release|Any CPU = Release|Any CPU
	EndGlobalSection
	GlobalSection(ProjectConfigurationPlatforms) = postSolution
		{AB849DEA-7F9E-41F3-BCB3-CE8ECB0CEAD5}.Debug|Any CPU.ActiveCfg = Debug|Any CPU
		{AB849DEA-7F9E-41F3-BCB3-CE8ECB0CEAD5}.Debug|Any CPU.Build.0 = Debug|Any CPU
		{AB849DEA-7F9E-41F3-BCB3-CE8ECB0CEAD5}.Release|Any CPU.ActiveCfg = Release|Any CPU
		{AB849DEA-7F9E-41F3-BCB3-CE8ECB0CEAD5}.Release|Any CPU.Build.0 = Release|Any CPU
		{D06F9A5C-075F-4BD3-AA5B-F1AC8DD10829}.Debug|Any CPU.ActiveCfg = Debug|Any CPU
		{D06F9A5C-075F-4BD3-AA5B-F1AC8DD10829}.Debug|Any CPU.Build.0 = Debug|Any CPU
		{D06F9A5C-075F-4BD3-AA5B-F1AC8DD10829}.Release|Any CPU.ActiveCfg = Release|Any CPU
		{D06F9A5C-075F-4BD3-AA5B-F1AC8DD10829}.Release|Any CPU.Build.0 = Release|Any CPU
		{6E85CF81-EB18-4A0A-B81E-1537B58A4B0B}.Debug|Any CPU.ActiveCfg = Debug|Any CPU
		{6E85CF81-EB18-4A0A-B81E-1537B58A4B0B}.Debug|Any CPU.Build.0 = Debug|Any CPU
		{6E85CF81-EB18-4A0A-B81E-1537B58A4B0B}.Release|Any CPU.ActiveCfg = Release|Any CPU
		{6E85CF81-EB18-4A0A-B81E-1537B58A4B0B}.Release|Any CPU.Build.0 = Release|Any CPU
		{656B84B5-A531-49DF-A814-B78A33A2F7E2}.Debug|Any CPU.ActiveCfg = Debug|Any CPU
		{656B84B5-A531-49DF-A814-B78A33A2F7E2}.Debug|Any CPU.Build.0 = Debug|Any CPU
		{656B84B5-A531-49DF-A814-B78A33A2F7E2}.Release|Any CPU.ActiveCfg = Release|Any CPU
		{656B84B5-A531-49DF-A814-B78A33A2F7E2}.Release|Any CPU.Build.0 = Release|Any CPU
	EndGlobalSection
	GlobalSection(SolutionProperties) = preSolution
		HideSolutionNode = FALSE
	EndGlobalSection
	GlobalSection(ExtensibilityGlobals) = postSolution
		SolutionGuid = {706525C8-5394-4E0A-8F7F-1F0649B0CB7B}
	EndGlobalSection
EndGlobal
